{
  "nodes": {
    "nixpkgs": {
      "locked": {
        "lastModified": 1785090369,
        "narHash": "sha256-m0pDuRJG7EDo9ri+4Ksu83VsI+PlxNC9lNBfydejce4=",
        "owner": "NixOS",
        "repo": "nixpkgs",
        "rev": "624af665418d3c65d544145b4d34ad696439570e",
        "type": "github"
      },
      "original": {
        "owner": "NixOS",
        "ref": "nixos-unstable",
        "repo": "nixpkgs",
        "type": "github"
      }
    },
    "root": {
      "inputs": {
        "nixpkgs": "nixpkgs",
        "src-boost": "src-boost",
        "src-googletest": "src-googletest",
        "src-grpc": "src-grpc",
        "src-hdf5": "src-hdf5",
        "src-yaml-cpp": "src-yaml-cpp"
      }
    },
    "src-boost": {
      "flake": false,
      "locked": {
        "lastModified": 1754508366,
        "narHash": "sha256-0BvLUfw1CiWBPbonT7hn4fZPfmbRulWL3txR3ewOpRg=",
        "type": "tarball",
        "url": "https://archives.boost.io/release/1.89.0/source/boost_1_89_0.tar.bz2"
      },
      "original": {
        "type": "tarball",
        "url": "https://archives.boost.io/release/1.89.0/source/boost_1_89_0.tar.bz2"
      }
    },
    "src-googletest": {
      "flake": false,
      "locked": {
        "lastModified": 1722432886,
        "narHash": "sha256-1OJ2SeSscRBNr7zZ/a8bJGIqAnhkg45re0j3DtPfcXM=",
        "owner": "google",
        "repo": "googletest",
        "rev": "b514bdc898e2951020cbdca1304b75f5950d1f59",
        "type": "github"
      },
      "original": {
        "owner": "google",
        "ref": "v1.15.2",
        "repo": "googletest",
        "type": "github"
      }
    },
    "src-grpc": {
      "flake": false,
      "locked": {
        "lastModified": 1771503333,
        "narHash": "sha256-+AF3JvZo+LbBwqtPM5mWFwg+btk+BySe4TiGmoK6vMs=",
        "ref": "refs/tags/v1.78.1",
        "rev": "5b6492ea90b2b867a6adad1b10a6edda28e860d1",
        "revCount": 57821,
        "submodules": true,
        "type": "git",
        "url": "https://github.com/grpc/grpc"
      },
      "original": {
        "ref": "refs/tags/v1.78.1",
        "submodules": true,
        "type": "git",
        "url": "https://github.com/grpc/grpc"
      }
    },
    "src-hdf5": {
      "flake": false,
      "locked": {
        "lastModified": 1738706505,
        "narHash": "sha256-mJTax+VWAL3Amkq3Ij8fxazY2nfpMOTxYMUQlTvY/rg=",
        "owner": "HDFGroup",
        "repo": "hdf5",
        "rev": "7bf340440909d468dbb3cf41f0ea0d87f5050cea",
        "type": "github"
      },
      "original": {
        "owner": "HDFGroup",
        "ref": "hdf5_1.14.6",
        "repo": "hdf5",
        "type": "github"
      }
    },
    "src-yaml-cpp": {
      "flake": false,
      "locked": {
        "lastModified": 1770236785,
        "narHash": "sha256-+FOsPQY44h1g9tEw3O281LkiYKXdW2jnFKw+oTRkhGw=",
        "owner": "jbeder",
        "repo": "yaml-cpp",
        "rev": "56e3bb550c91fd7005566f19c079cb7a503223cf",
        "type": "github"
      },
      "original": {
        "owner": "jbeder",
        "ref": "yaml-cpp-0.9.0",
        "repo": "yaml-cpp",
        "type": "github"
      }
    }
  },
  "root": "root",
  "version": 7
}
